
Microsoft Visual Studio Solution File, Format Version 12.00
# Visual Studio Version 16
VisualStudioVersion = 16.0.33328.57
MinimumVisualStudioVersion = 10.0.40219.1
Project("{FAE04EC0-301F-11D3-BF4B-00C04F79EFBC}") = "ConsolidatedEmailAlerts", "ConsolidatedEmailAlerts\ConsolidatedEmailAlerts.csproj", "{E9179109-6B05-4EC1-BCB4-5E76C98CD2C4}"
EndProject
Global
	GlobalSection(SolutionConfigurationPlatforms) = preSolution
		Debug|Any CPU = Debug|Any CPU
		Release|Any CPU = Release|Any CPU
	EndGlobalSection
	GlobalSection(ProjectConfigurationPlatforms) = postSolution
		{E9179109-6B05-4EC1-BCB4-5E76C98CD2C4}.Debug|Any CPU.ActiveCfg = Debug|Any CPU
		{E9179109-6B05-4EC1-BCB4-5E76C98CD2C4}.Debug|Any CPU.Build.0 = Debug|Any CPU
		{E9179109-6B05-4EC1-BCB4-5E76C98CD2C4}.Release|Any CPU.ActiveCfg = Release|Any CPU
		{E9179109-6B05-4EC1-BCB4-5E76C98CD2C4}.Release|Any CPU.Build.0 = Release|Any CPU
	EndGlobalSection
	GlobalSection(SolutionProperties) = preSolution
		HideSolutionNode = FALSE
	EndGlobalSection
	GlobalSection(ExtensibilityGlobals) = postSolution
		SolutionGuid = {6C9ED74B-1692-47F4-BE9A-63CF537824A2}
	EndGlobalSection
EndGlobal
